// !$*UTF8*$!
{
	archiveVersion = 1;
	classes = {
	};
	objectVersion = 55;
	objects = {

/* Begin PBXBuildFile section */
		891352712811585900D02527 /* AppDelegate.swift in Sources */ = {isa = PBXBuildFile; fileRef = 891352702811585900D02527 /* AppDelegate.swift */; };
		891352732811585900D02527 /* SceneDelegate.swift in Sources */ = {isa = PBXBuildFile; fileRef = 891352722811585900D02527 /* SceneDelegate.swift */; };
		891352782811585900D02527 /* Main.storyboard in Resources */ = {isa = PBXBuildFile; fileRef = 891352762811585900D02527 /* Main.storyboard */; };
		8913527B2811585900D02527 /* InstagramAuth.xcdatamodeld in Sources */ = {isa = PBXBuildFile; fileRef = 891352792811585900D02527 /* InstagramAuth.xcdatamodeld */; };
		8913527D2811585B00D02527 /* Assets.xcassets in Resources */ = {isa = PBXBuildFile; fileRef = 8913527C2811585B00D02527 /* Assets.xcassets */; };
		891352802811585B00D02527 /* LaunchScreen.storyboard in Resources */ = {isa = PBXBuildFile; fileRef = 8913527E2811585B00D02527 /* LaunchScreen.storyboard */; };
		8913528E281158C100D02527 /* SignInViewController.swift in Sources */ = {isa = PBXBuildFile; fileRef = 8913528C281158C100D02527 /* SignInViewController.swift */; };
		8913528F281158C100D02527 /* SignInViewController.xib in Resources */ = {isa = PBXBuildFile; fileRef = 8913528D281158C100D02527 /* SignInViewController.xib */; };
		89135292281158D100D02527 /* SignUpViewController.swift in Sources */ = {isa = PBXBuildFile; fileRef = 89135290281158D100D02527 /* SignUpViewController.swift */; };
		89135293281158D100D02527 /* SignUpViewController.xib in Resources */ = {isa = PBXBuildFile; fileRef = 89135291281158D100D02527 /* SignUpViewController.xib */; };
/* End PBXBuildFile section */

/* Begin PBXFileReference section */
		8913526D2811585900D02527 /* InstagramAuth.app */ = {isa = PBXFileReference; explicitFileType = wrapper.application; includeInIndex = 0; path = InstagramAuth.app; sourceTree = BUILT_PRODUCTS_DIR; };
		891352702811585900D02527 /* AppDelegate.swift */ = {isa = PBXFileReference; lastKnownFileType = sourcecode.swift; path = AppDelegate.swift; sourceTree = "<group>"; };
		891352722811585900D02527 /* SceneDelegate.swift */ = {isa = PBXFileReference; lastKnownFileType = sourcecode.swift; path = SceneDelegate.swift; sourceTree = "<group>"; };
		891352772811585900D02527 /* Base */ = {isa = PBXFileReference; lastKnownFileType = file.storyboard; name = Base; path = Base.lproj/Main.storyboard; sourceTree = "<group>"; };
		8913527A2811585900D02527 /* InstagramAuth.xcdatamodel */ = {isa = PBXFileReference; lastKnownFileType = wrapper.xcdatamodel; path = InstagramAuth.xcdatamodel; sourceTree = "<group>"; };
		8913527C2811585B00D02527 /* Assets.xcassets */ = {isa = PBXFileReference; lastKnownFileType = folder.assetcatalog; path = Assets.xcassets; sourceTree = "<group>"; };
		8913527F2811585B00D02527 /* Base */ = {isa = PBXFileReference; lastKnownFileType = file.storyboard; name = Base; path = Base.lproj/LaunchScreen.storyboard; sourceTree = "<group>"; };
		891352812811585B00D02527 /* Info.plist */ = {isa = PBXFileReference; lastKnownFileType = text.plist.xml; path = Info.plist; sourceTree = "<group>"; };
		8913528C281158C100D02527 /* SignInViewController.swift */ = {isa = PBXFileReference; lastKnownFileType = sourcecode.swift; path = SignInViewController.swift; sourceTree = "<group>"; };
		8913528D281158C100D02527 /* SignInViewController.xib */ = {isa = PBXFileReference; lastKnownFileType = file.xib; path = SignInViewController.xib; sourceTree = "<group>"; };
		89135290281158D100D02527 /* SignUpViewController.swift */ = {isa = PBXFileReference; lastKnownFileType = sourcecode.swift; path = SignUpViewController.swift; sourceTree = "<group>"; };
		89135291281158D100D02527 /* SignUpViewController.xib */ = {isa = PBXFileReference; lastKnownFileType = file.xib; path = SignUpViewController.xib; sourceTree = "<group>"; };
/* End PBXFileReference section */

/* Begin PBXFrameworksBuildPhase section */
		8913526A2811585900D02527 /* Frameworks */ = {
			isa = PBXFrameworksBuildPhase;
			buildActionMask = 2147483647;
			files = (
			);
			runOnlyForDeploymentPostprocessing = 0;
		};
/* End PBXFrameworksBuildPhase section */

/* Begin PBXGroup section */
		891352642811585900D02527 = {
			isa = PBXGroup;
			children = (
				8913526F2811585900D02527 /* InstagramAuth */,
				8913526E2811585900D02527 /* Products */,
			);
			sourceTree = "<group>";
		};
		8913526E2811585900D02527 /* Products */ = {
			isa = PBXGroup;
			children = (
				8913526D2811585900D02527 /* InstagramAuth.app */,
			);
			name = Products;
			sourceTree = "<group>";
		};
		8913526F2811585900D02527 /* InstagramAuth */ = {
			isa = PBXGroup;
			children = (
				891352872811587A00D02527 /* controller */,
				891352702811585900D02527 /* AppDelegate.swift */,
				891352722811585900D02527 /* SceneDelegate.swift */,
				891352812811585B00D02527 /* Info.plist */,
				891352882811588100D02527 /* appUtil */,
			);
			path = InstagramAuth;
			sourceTree = "<group>";
		};
		891352872811587A00D02527 /* controller */ = {
			isa = PBXGroup;
			children = (
				8913528B281158AF00D02527 /* home */,
				8913528A281158A900D02527 /* signUp */,
				89135289281158A200D02527 /* signIn */,
			);
			path = controller;
			sourceTree = "<group>";
		};
		891352882811588100D02527 /* appUtil */ = {
			isa = PBXGroup;
			children = (
				891352792811585900D02527 /* InstagramAuth.xcdatamodeld */,
				891352762811585900D02527 /* Main.storyboard */,
				8913527C2811585B00D02527 /* Assets.xcassets */,
				8913527E2811585B00D02527 /* LaunchScreen.storyboard */,
			);
			path = appUtil;
			sourceTree = "<group>";
		};
		89135289281158A200D02527 /* signIn */ = {
			isa = PBXGroup;
			children = (
				8913528C281158C100D02527 /* SignInViewController.swift */,
				8913528D281158C100D02527 /* SignInViewController.xib */,
			);
			path = signIn;
			sourceTree = "<group>";
		};
		8913528A281158A900D02527 /* signUp */ = {
			isa = PBXGroup;
			children = (
				89135290281158D100D02527 /* SignUpViewController.swift */,
				89135291281158D100D02527 /* SignUpViewController.xib */,
			);
			path = signUp;
			sourceTree = "<group>";
		};
		8913528B281158AF00D02527 /* home */ = {
			isa = PBXGroup;
			children = (
			);
			path = home;
			sourceTree = "<group>";
		};
/* End PBXGroup section */

/* Begin PBXNativeTarget section */
		8913526C2811585900D02527 /* InstagramAuth */ = {
			isa = PBXNativeTarget;
			buildConfigurationList = 891352842811585B00D02527 /* Build configuration list for PBXNativeTarget "InstagramAuth" */;
			buildPhases = (
				891352692811585900D02527 /* Sources */,
				8913526A2811585900D02527 /* Frameworks */,
				8913526B2811585900D02527 /* Resources */,
			);
			buildRules = (
			);
			dependencies = (
			);
			name = InstagramAuth;
			productName = InstagramAuth;
			productReference = 8913526D2811585900D02527 /* InstagramAuth.app */;
			productType = "com.apple.product-type.application";
		};
/* End PBXNativeTarget section */

/* Begin PBXProject section */
		891352652811585900D02527 /* Project object */ = {
			isa = PBXProject;
			attributes = {
				BuildIndependentTargetsInParallel = 1;
				LastSwiftUpdateCheck = 1330;
				LastUpgradeCheck = 1330;
				TargetAttributes = {
					8913526C2811585900D02527 = {
						CreatedOnToolsVersion = 13.3.1;
					};
				};
			};
			buildConfigurationList = 891352682811585900D02527 /* Build configuration list for PBXProject "InstagramAuth" */;
			compatibilityVersion = "Xcode 13.0";
			developmentRegion = en;
			hasScannedForEncodings = 0;
			knownRegions = (
				en,
				Base,
			);
			mainGroup = 891352642811585900D02527;
			productRefGroup = 8913526E2811585900D02527 /* Products */;
			projectDirPath = "";
			projectRoot = "";
			targets = (
				8913526C2811585900D02527 /* InstagramAuth */,
			);
		};
/* End PBXProject section */

/* Begin PBXResourcesBuildPhase section */
		8913526B2811585900D02527 /* Resources */ = {
			isa = PBXResourcesBuildPhase;
			buildActionMask = 2147483647;
			files = (
				89135293281158D100D02527 /* SignUpViewController.xib in Resources */,
				8913528F281158C100D02527 /* SignInViewController.xib in Resources */,
				891352802811585B00D02527 /* LaunchScreen.storyboard in Resources */,
				8913527D2811585B00D02527 /* Assets.xcassets in Resources */,
				891352782811585900D02527 /* Main.storyboard in Resources */,
			);
			runOnlyForDeploymentPostprocessing = 0;
		};
/* End PBXResourcesBuildPhase section */

/* Begin PBXSourcesBuildPhase section */
		891352692811585900D02527 /* Sources */ = {
			isa = PBXSourcesBuildPhase;
			buildActionMask = 2147483647;
			files = (
				8913528E281158C100D02527 /* SignInViewController.swift in Sources */,
				891352712811585900D02527 /* AppDelegate.swift in Sources */,
				8913527B2811585900D02527 /* InstagramAuth.xcdatamodeld in Sources */,
				891352732811585900D02527 /* SceneDelegate.swift in Sources */,
				89135292281158D100D02527 /* SignUpViewController.swift in Sources */,
			);
			runOnlyForDeploymentPostprocessing = 0;
		};
/* End PBXSourcesBuildPhase section */

/* Begin PBXVariantGroup section */
		891352762811585900D02527 /* Main.storyboard */ = {
			isa = PBXVariantGroup;
			children = (
				891352772811585900D02527 /* Base */,
			);
			name = Main.storyboard;
			sourceTree = "<group>";
		};
		8913527E2811585B00D02527 /* LaunchScreen.storyboard */ = {
			isa = PBXVariantGroup;
			children = (
				8913527F2811585B00D02527 /* Base */,
			);
			name = LaunchScreen.storyboard;
			sourceTree = "<group>";
		};
/* End PBXVariantGroup section */

/* Begin XCBuildConfiguration section */
		891352822811585B00D02527 /* Debug */ = {
			isa = XCBuildConfiguration;
			buildSettings = {
				ALWAYS_SEARCH_USER_PATHS = NO;
				CLANG_ANALYZER_NONNULL = YES;
				CLANG_ANALYZER_NUMBER_OBJECT_CONVERSION = YES_AGGRESSIVE;
				CLANG_CXX_LANGUAGE_STANDARD = "gnu++17";
				CLANG_ENABLE_MODULES = YES;
				CLANG_ENABLE_OBJC_ARC = YES;
				CLANG_ENABLE_OBJC_WEAK = YES;
				CLANG_WARN_BLOCK_CAPTURE_AUTORELEASING = YES;
				CLANG_WARN_BOOL_CONVERSION = YES;
				CLANG_WARN_COMMA = YES;
				CLANG_WARN_CONSTANT_CONVERSION = YES;
				CLANG_WARN_DEPRECATED_OBJC_IMPLEMENTATIONS = YES;
				CLANG_WARN_DIRECT_OBJC_ISA_USAGE = YES_ERROR;
				CLANG_WARN_DOCUMENTATION_COMMENTS = YES;
				CLANG_WARN_EMPTY_BODY = YES;
				CLANG_WARN_ENUM_CONVERSION = YES;
				CLANG_WARN_INFINITE_RECURSION = YES;
				CLANG_WARN_INT_CONVERSION = YES;
				CLANG_WARN_NON_LITERAL_NULL_CONVERSION = YES;
				CLANG_WARN_OBJC_IMPLICIT_RETAIN_SELF = YES;
				CLANG_WARN_OBJC_LITERAL_CONVERSION = YES;
				CLANG_WARN_OBJC_ROOT_CLASS = YES_ERROR;
				CLANG_WARN_QUOTED_INCLUDE_IN_FRAMEWORK_HEADER = YES;
				CLANG_WARN_RANGE_LOOP_ANALYSIS = YES;
				CLANG_WARN_STRICT_PROTOTYPES = YES;
				CLANG_WARN_SUSPICIOUS_MOVE = YES;
				CLANG_WARN_UNGUARDED_AVAILABILITY = YES_AGGRESSIVE;
				CLANG_WARN_UNREACHABLE_CODE = YES;
				CLANG_WARN__DUPLICATE_METHOD_MATCH = YES;
				COPY_PHASE_STRIP = NO;
				DEBUG_INFORMATION_FORMAT = dwarf;
				ENABLE_STRICT_OBJC_MSGSEND = YES;
				ENABLE_TESTABILITY = YES;
				GCC_C_LANGUAGE_STANDARD = gnu11;
				GCC_DYNAMIC_NO_PIC = NO;
				GCC_NO_COMMON_BLOCKS = YES;
				GCC_OPTIMIZATION_LEVEL = 0;
				GCC_PREPROCESSOR_DEFINITIONS = (
					"DEBUG=1",
					"$(inherited)",
				);
				GCC_WARN_64_TO_32_BIT_CONVERSION = YES;
				GCC_WARN_ABOUT_RETURN_TYPE = YES_ERROR;
				GCC_WARN_UNDECLARED_SELECTOR = YES;
				GCC_WARN_UNINITIALIZED_AUTOS = YES_AGGRESSIVE;
				GCC_WARN_UNUSED_FUNCTION = YES;
				GCC_WARN_UNUSED_VARIABLE = YES;
				IPHONEOS_DEPLOYMENT_TARGET = 15.4;
				MTL_ENABLE_DEBUG_INFO = INCLUDE_SOURCE;
				MTL_FAST_MATH = YES;
				ONLY_ACTIVE_ARCH = YES;
				SDKROOT = iphoneos;
				SWIFT_ACTIVE_COMPILATION_CONDITIONS = DEBUG;
				SWIFT_OPTIMIZATION_LEVEL = "-Onone";
			};
			name = Debug;
		};
		891352832811585B00D02527 /* Release */ = {
			isa = XCBuildConfiguration;
			buildSettings = {
				ALWAYS_SEARCH_USER_PATHS = NO;
				CLANG_ANALYZER_NONNULL = YES;
				CLANG_ANALYZER_NUMBER_OBJECT_CONVERSION = YES_AGGRESSIVE;
				CLANG_CXX_LANGUAGE_STANDARD = "gnu++17";
				CLANG_ENABLE_MODULES = YES;
				CLANG_ENABLE_OBJC_ARC = YES;
				CLANG_ENABLE_OBJC_WEAK = YES;
				CLANG_WARN_BLOCK_CAPTURE_AUTORELEASING = YES;
				CLANG_WARN_BOOL_CONVERSION = YES;
				CLANG_WARN_COMMA = YES;
				CLANG_WARN_CONSTANT_CONVERSION = YES;
				CLANG_WARN_DEPRECATED_OBJC_IMPLEMENTATIONS = YES;
				CLANG_WARN_DIRECT_OBJC_ISA_USAGE = YES_ERROR;
				CLANG_WARN_DOCUMENTATION_COMMENTS = YES;
				CLANG_WARN_EMPTY_BODY = YES;
				CLANG_WARN_ENUM_CONVERSION = YES;
				CLANG_WARN_INFINITE_RECURSION = YES;
				CLANG_WARN_INT_CONVERSION = YES;
				CLANG_WARN_NON_LITERAL_NULL_CONVERSION = YES;
				CLANG_WARN_OBJC_IMPLICIT_RETAIN_SELF = YES;
				CLANG_WARN_OBJC_LITERAL_CONVERSION = YES;
				CLANG_WARN_OBJC_ROOT_CLASS = YES_ERROR;
				CLANG_WARN_QUOTED_INCLUDE_IN_FRAMEWORK_HEADER = YES;
				CLANG_WARN_RANGE_LOOP_ANALYSIS = YES;
				CLANG_WARN_STRICT_PROTOTYPES = YES;
				CLANG_WARN_SUSPICIOUS_MOVE = YES;
				CLANG_WARN_UNGUARDED_AVAILABILITY = YES_AGGRESSIVE;
				CLANG_WARN_UNREACHABLE_CODE = YES;
				CLANG_WARN__DUPLICATE_METHOD_MATCH = YES;
				COPY_PHASE_STRIP = NO;
				DEBUG_INFORMATION_FORMAT = "dwarf-with-dsym";
				ENABLE_NS_ASSERTIONS = NO;
				ENABLE_STRICT_OBJC_MSGSEND = YES;
				GCC_C_LANGUAGE_STANDARD = gnu11;
				GCC_NO_COMMON_BLOCKS = YES;
				GCC_WARN_64_TO_32_BIT_CONVERSION = YES;
				GCC_WARN_ABOUT_RETURN_TYPE = YES_ERROR;
				GCC_WARN_UNDECLARED_SELECTOR = YES;
				GCC_WARN_UNINITIALIZED_AUTOS = YES_AGGRESSIVE;
				GCC_WARN_UNUSED_FUNCTION = YES;
				GCC_WARN_UNUSED_VARIABLE = YES;
				IPHONEOS_DEPLOYMENT_TARGET = 15.4;
				MTL_ENABLE_DEBUG_INFO = NO;
				MTL_FAST_MATH = YES;
				SDKROOT = iphoneos;
				SWIFT_COMPILATION_MODE = wholemodule;
				SWIFT_OPTIMIZATION_LEVEL = "-O";
				VALIDATE_PRODUCT = YES;
			};
			name = Release;
		};
		891352852811585B00D02527 /* Debug */ = {
			isa = XCBuildConfiguration;
			buildSettings = {
				ASSETCATALOG_COMPILER_APPICON_NAME = AppIcon;
				ASSETCATALOG_COMPILER_GLOBAL_ACCENT_COLOR_NAME = AccentColor;
				CODE_SIGN_STYLE = Automatic;
				CURRENT_PROJECT_VERSION = 1;
				GENERATE_INFOPLIST_FILE = YES;
				INFOPLIST_FILE = InstagramAuth/Info.plist;
				INFOPLIST_KEY_UIApplicationSupportsIndirectInputEvents = YES;
				INFOPLIST_KEY_UILaunchStoryboardName = LaunchScreen;
				INFOPLIST_KEY_UIMainStoryboardFile = Main;
				INFOPLIST_KEY_UISupportedInterfaceOrientations_iPad = "UIInterfaceOrientationPortrait UIInterfaceOrientationPortraitUpsideDown UIInterfaceOrientationLandscapeLeft UIInterfaceOrientationLandscapeRight";
				INFOPLIST_KEY_UISupportedInterfaceOrientations_iPhone = "UIInterfaceOrientationPortrait UIInterfaceOrientationLandscapeLeft UIInterfaceOrientationLandscapeRight";
				LD_RUNPATH_SEARCH_PATHS = (
					"$(inherited)",
					"@executable_path/Frameworks",
				);
				MARKETING_VERSION = 1.0;
				PRODUCT_BUNDLE_IDENTIFIER = Apple.InstagramAuth;
				PRODUCT_NAME = "$(TARGET_NAME)";
				SWIFT_EMIT_LOC_STRINGS = YES;
				SWIFT_VERSION = 5.0;
				TARGETED_DEVICE_FAMILY = "1,2";
			};
			name = Debug;
		};
		891352862811585B00D02527 /* Release */ = {
			isa = XCBuildConfiguration;
			buildSettings = {
				ASSETCATALOG_COMPILER_APPICON_NAME = AppIcon;
				ASSETCATALOG_COMPILER_GLOBAL_ACCENT_COLOR_NAME = AccentColor;
				CODE_SIGN_STYLE = Automatic;
				CURRENT_PROJECT_VERSION = 1;
				GENERATE_INFOPLIST_FILE = YES;
				INFOPLIST_FILE = InstagramAuth/Info.plist;
				INFOPLIST_KEY_UIApplicationSupportsIndirectInputEvents = YES;
				INFOPLIST_KEY_UILaunchStoryboardName = LaunchScreen;
				INFOPLIST_KEY_UIMainStoryboardFile = Main;
				INFOPLIST_KEY_UISupportedInterfaceOrientations_iPad = "UIInterfaceOrientationPortrait UIInterfaceOrientationPortraitUpsideDown UIInterfaceOrientationLandscapeLeft UIInterfaceOrientationLandscapeRight";
				INFOPLIST_KEY_UISupportedInterfaceOrientations_iPhone = "UIInterfaceOrientationPortrait UIInterfaceOrientationLandscapeLeft UIInterfaceOrientationLandscapeRight";
				LD_RUNPATH_SEARCH_PATHS = (
					"$(inherited)",
					"@executable_path/Frameworks",
				);
				MARKETING_VERSION = 1.0;
				PRODUCT_BUNDLE_IDENTIFIER = Apple.InstagramAuth;
				PRODUCT_NAME = "$(TARGET_NAME)";
				SWIFT_EMIT_LOC_STRINGS = YES;
				SWIFT_VERSION = 5.0;
				TARGETED_DEVICE_FAMILY = "1,2";
			};
			name = Release;
		};
/* End XCBuildConfiguration section */

/* Begin XCConfigurationList section */
		891352682811585900D02527 /* Build configuration list for PBXProject "InstagramAuth" */ = {
			isa = XCConfigurationList;
			buildConfigurations = (
				891352822811585B00D02527 /* Debug */,
				891352832811585B00D02527 /* Release */,
			);
			defaultConfigurationIsVisible = 0;
			defaultConfigurationName = Release;
		};
		891352842811585B00D02527 /* Build configuration list for PBXNativeTarget "InstagramAuth" */ = {
			isa = XCConfigurationList;
			buildConfigurations = (
				891352852811585B00D02527 /* Debug */,
				891352862811585B00D02527 /* Release */,
			);
			defaultConfigurationIsVisible = 0;
			defaultConfigurationName = Release;
		};
/* End XCConfigurationList section */

/* Begin XCVersionGroup section */
		891352792811585900D02527 /* InstagramAuth.xcdatamodeld */ = {
			isa = XCVersionGroup;
			children = (
				8913527A2811585900D02527 /* InstagramAuth.xcdatamodel */,
			);
			currentVersion = 8913527A2811585900D02527 /* InstagramAuth.xcdatamodel */;
			path = InstagramAuth.xcdatamodeld;
			sourceTree = "<group>";
			versionGroupType = wrapper.xcdatamodel;
		};
/* End XCVersionGroup section */
	};
	rootObject = 891352652811585900D02527 /* Project object */;
}
